
Microsoft Visual Studio Solution File, Format Version 12.00
# Visual Studio 14
VisualStudioVersion = 14.0.23107.0
MinimumVisualStudioVersion = 10.0.40219.1
Project("{2150E333-8FDC-42A3-9474-1A3956D46DE8}") = "src", "src", "{DA512571-CCB7-4221-887E-9DE5F30D5D99}"
EndProject
Project("{2150E333-8FDC-42A3-9474-1A3956D46DE8}") = "test", "test", "{237D75A2-6170-4595-BFAF-301DD87569A3}"
EndProject
Project("{8BB2217D-0F2D-49D1-97BC-3654ED321F3B}") = "KairosDbClient", "src\KairosDbClient\KairosDbClient.xproj", "{EA2F7FA2-9DC0-43D9-BE8F-30E602AE9D02}"
EndProject
Project("{8BB2217D-0F2D-49D1-97BC-3654ED321F3B}") = "KairosDbClient.IntegrationTests", "test\KairosDbClient.IntegrationTests\KairosDbClient.IntegrationTests.xproj", "{EE97ABFC-81CD-4483-AB50-62B2E0396DC5}"
EndProject
Project("{2150E333-8FDC-42A3-9474-1A3956D46DE8}") = "Solution Items", "Solution Items", "{B97BFE7F-2C9B-40AC-978D-B1B8625BAB1E}"
	ProjectSection(SolutionItems) = preProject
		global.json = global.json
	EndProjectSection
EndProject
Global
	GlobalSection(SolutionConfigurationPlatforms) = preSolution
		Debug|Any CPU = Debug|Any CPU
		Release|Any CPU = Release|Any CPU
	EndGlobalSection
	GlobalSection(ProjectConfigurationPlatforms) = postSolution
		{EA2F7FA2-9DC0-43D9-BE8F-30E602AE9D02}.Debug|Any CPU.ActiveCfg = Debug|Any CPU
		{EA2F7FA2-9DC0-43D9-BE8F-30E602AE9D02}.Debug|Any CPU.Build.0 = Debug|Any CPU
		{EA2F7FA2-9DC0-43D9-BE8F-30E602AE9D02}.Release|Any CPU.ActiveCfg = Release|Any CPU
		{EA2F7FA2-9DC0-43D9-BE8F-30E602AE9D02}.Release|Any CPU.Build.0 = Release|Any CPU
		{EE97ABFC-81CD-4483-AB50-62B2E0396DC5}.Debug|Any CPU.ActiveCfg = Debug|Any CPU
		{EE97ABFC-81CD-4483-AB50-62B2E0396DC5}.Debug|Any CPU.Build.0 = Debug|Any CPU
		{EE97ABFC-81CD-4483-AB50-62B2E0396DC5}.Release|Any CPU.ActiveCfg = Release|Any CPU
		{EE97ABFC-81CD-4483-AB50-62B2E0396DC5}.Release|Any CPU.Build.0 = Release|Any CPU
	EndGlobalSection
	GlobalSection(SolutionProperties) = preSolution
		HideSolutionNode = FALSE
	EndGlobalSection
	GlobalSection(NestedProjects) = preSolution
		{EA2F7FA2-9DC0-43D9-BE8F-30E602AE9D02} = {DA512571-CCB7-4221-887E-9DE5F30D5D99}
		{EE97ABFC-81CD-4483-AB50-62B2E0396DC5} = {237D75A2-6170-4595-BFAF-301DD87569A3}
	EndGlobalSection
EndGlobal
